
Microsoft Visual Studio Solution File, Format Version 12.00
# Visual Studio 15
VisualStudioVersion = 15.0.28307.106
MinimumVisualStudioVersion = 10.0.40219.1
Project("{FAE04EC0-301F-11D3-BF4B-00C04F79EFBC}") = "mvvmLiteForDeletion", "mvvmLiteForDeletion\mvvmLiteForDeletion.csproj", "{F42BC22B-8139-4A51-8BD8-C1A02171F11A}"
EndProject
Global
	GlobalSection(SolutionConfigurationPlatforms) = preSolution
		Debug|Any CPU = Debug|Any CPU
		Release|Any CPU = Release|Any CPU
	EndGlobalSection
	GlobalSection(ProjectConfigurationPlatforms) = postSolution
		{F42BC22B-8139-4A51-8BD8-C1A02171F11A}.Debug|Any CPU.ActiveCfg = Debug|Any CPU
		{F42BC22B-8139-4A51-8BD8-C1A02171F11A}.Debug|Any CPU.Build.0 = Debug|Any CPU
		{F42BC22B-8139-4A51-8BD8-C1A02171F11A}.Release|Any CPU.ActiveCfg = Release|Any CPU
		{F42BC22B-8139-4A51-8BD8-C1A02171F11A}.Release|Any CPU.Build.0 = Release|Any CPU
	EndGlobalSection
	GlobalSection(SolutionProperties) = preSolution
		HideSolutionNode = FALSE
	EndGlobalSection
	GlobalSection(ExtensibilityGlobals) = postSolution
		SolutionGuid = {4CB86898-A5B0-4B14-AF02-BC00667625B1}
	EndGlobalSection
EndGlobal
